# This file is automatically @generated by Cargo.
# It is not intended for manual editing.
version = 4

[[package]]
name = "anyhow"
version = "1.0.104"
source = "registry+https://github.com/rust-lang/crates.io-index"
checksum = "330a5ed07fa54e4702c9d6c4174f74427fc0ef6e214bbd677ae50a5099946470"

[[package]]
name = "bootctl-unified"
version = "0.1.0"
dependencies = [
 "generic-bootctl-aidl",
 "generic-bootctl-core",
 "generic-bootctl-hidl",
]

[[package]]
name = "esu-platform"
version = "0.1.0"
dependencies = [
 "anyhow",
 "libc",
]

[[package]]
name = "generic-bootctl-aidl"
version = "0.1.0"
dependencies = [
 "generic-bootctl-core",
]

[[package]]
name = "generic-bootctl-core"
version = "0.1.0"

[[package]]
name = "generic-bootctl-hidl"
version = "0.1.0"
dependencies = [
 "generic-bootctl-core",
]

[[package]]
name = "gobbl-boot-hal"
version = "0.1.0"
dependencies = [
 "bootctl-unified",
 "esu-platform",
 "generic-bootctl-core",
 "libc",
]

[[package]]
name = "libc"
version = "0.2.190"
source = "registry+https://github.com/rust-lang/crates.io-index"
checksum = "ce5d3ddc6d3fa000eb1536d85e147bfe31aacaba692ed6a876f95cb7c855be78"
